
Microsoft Visual Studio Solution File, Format Version 12.00
# Visual Studio 15
VisualStudioVersion = 15.0.26730.3
MinimumVisualStudioVersion = 10.0.40219.1
Project("{8BC9CEB8-8B4A-11D0-8D11-00A0C91BC942}") = "crypto", "crypto\crypto.vcxproj", "{720ED3B9-AFC5-41CF-891A-104EDA4AB2B5}"
EndProject
Project("{8BC9CEB8-8B4A-11D0-8D11-00A0C91BC942}") = "crypto_test", "crypto_test\crypto_test.vcxproj", "{5642C193-C8CC-4538-9D50-98893243E3CE}"
EndProject
Global
	GlobalSection(SolutionConfigurationPlatforms) = preSolution
		Debug|x64 = Debug|x64
		Debug|x86 = Debug|x86
		Release|x64 = Release|x64
		Release|x86 = Release|x86
	EndGlobalSection
	GlobalSection(ProjectConfigurationPlatforms) = postSolution
		{720ED3B9-AFC5-41CF-891A-104EDA4AB2B5}.Debug|x64.ActiveCfg = Debug|x64
		{720ED3B9-AFC5-41CF-891A-104EDA4AB2B5}.Debug|x64.Build.0 = Debug|x64
		{720ED3B9-AFC5-41CF-891A-104EDA4AB2B5}.Debug|x86.ActiveCfg = Debug|Win32
		{720ED3B9-AFC5-41CF-891A-104EDA4AB2B5}.Debug|x86.Build.0 = Debug|Win32
		{720ED3B9-AFC5-41CF-891A-104EDA4AB2B5}.Release|x64.ActiveCfg = Release|x64
		{720ED3B9-AFC5-41CF-891A-104EDA4AB2B5}.Release|x64.Build.0 = Release|x64
		{720ED3B9-AFC5-41CF-891A-104EDA4AB2B5}.Release|x86.ActiveCfg = Release|Win32
		{720ED3B9-AFC5-41CF-891A-104EDA4AB2B5}.Release|x86.Build.0 = Release|Win32
		{5642C193-C8CC-4538-9D50-98893243E3CE}.Debug|x64.ActiveCfg = Debug|x64
		{5642C193-C8CC-4538-9D50-98893243E3CE}.Debug|x64.Build.0 = Debug|x64
		{5642C193-C8CC-4538-9D50-98893243E3CE}.Debug|x86.ActiveCfg = Debug|Win32
		{5642C193-C8CC-4538-9D50-98893243E3CE}.Debug|x86.Build.0 = Debug|Win32
		{5642C193-C8CC-4538-9D50-98893243E3CE}.Release|x64.ActiveCfg = Release|x64
		{5642C193-C8CC-4538-9D50-98893243E3CE}.Release|x64.Build.0 = Release|x64
		{5642C193-C8CC-4538-9D50-98893243E3CE}.Release|x86.ActiveCfg = Release|Win32
		{5642C193-C8CC-4538-9D50-98893243E3CE}.Release|x86.Build.0 = Release|Win32
	EndGlobalSection
	GlobalSection(SolutionProperties) = preSolution
		HideSolutionNode = FALSE
	EndGlobalSection
	GlobalSection(ExtensibilityGlobals) = postSolution
		SolutionGuid = {E007AFF7-1B11-4269-89C1-EC756D4B713A}
	EndGlobalSection
EndGlobal
