<?xml version="1.0" encoding="utf-8"?>
<Project ToolsVersion="4.0" xmlns="http://schemas.microsoft.com/developer/msbuild/2003">
  <ItemGroup>
    <ClCompile Include="hex_test.cpp">
      <Filter>test</Filter>
    </ClCompile>
    <ClCompile Include="base64_test.cpp">
      <Filter>test</Filter>
    </ClCompile>
    <ClCompile Include="hash_test.cpp">
      <Filter>test</Filter>
    </ClCompile>
    <ClCompile Include="hmac_test.cpp">
      <Filter>test</Filter>
    </ClCompile>
    <ClCompile Include="aes_test.cpp">
      <Filter>test</Filter>
    </ClCompile>
    <ClCompile Include="des_test.cpp">
      <Filter>test</Filter>
    </ClCompile>
    <ClCompile Include="rc_test.cpp">
      <Filter>test</Filter>
    </ClCompile>
    <ClCompile Include="blowfish_test.cpp">
      <Filter>test</Filter>
    </ClCompile>
    <ClCompile Include="pch.cpp" />
    <ClCompile Include="rsa_test.cpp">
      <Filter>test</Filter>
    </ClCompile>
    <ClCompile Include="pbewithhmac_test.cpp">
      <Filter>test</Filter>
    </ClCompile>
  </ItemGroup>
  <ItemGroup>
    <Filter Include="test">
      <UniqueIdentifier>{c9d5cf4a-fdd9-4809-bdc7-cac4ab7f1213}</UniqueIdentifier>
    </Filter>
  </ItemGroup>
  <ItemGroup>
    <None Include="packages.config" />
  </ItemGroup>
  <ItemGroup>
    <ClInclude Include="pch.h" />
  </ItemGroup>
</Project>