<?xml version="1.0" encoding="utf-8"?>
<Project ToolsVersion="4.0" xmlns="http://schemas.microsoft.com/developer/msbuild/2003">
  <ItemGroup>
    <Filter Include="src">
      <UniqueIdentifier>{2e01e091-50ea-470a-8ec5-3d97ffb10dad}</UniqueIdentifier>
    </Filter>
  </ItemGroup>
  <ItemGroup>
    <ClCompile Include="iso10126padding.cpp">
      <Filter>src</Filter>
    </ClCompile>
    <ClCompile Include="pkcs5padding.cpp">
      <Filter>src</Filter>
    </ClCompile>
    <ClCompile Include="nopadding.cpp">
      <Filter>src</Filter>
    </ClCompile>
    <ClCompile Include="oaepping.cpp">
      <Filter>src</Filter>
    </ClCompile>
    <ClCompile Include="zeropadding.cpp">
      <Filter>src</Filter>
    </ClCompile>
    <ClCompile Include="hex.cpp">
      <Filter>src</Filter>
    </ClCompile>
    <ClCompile Include="base64.cpp">
      <Filter>src</Filter>
    </ClCompile>
    <ClCompile Include="hash.cpp">
      <Filter>src</Filter>
    </ClCompile>
    <ClCompile Include="hmac.cpp">
      <Filter>src</Filter>
    </ClCompile>
    <ClCompile Include="aes.cpp">
      <Filter>src</Filter>
    </ClCompile>
  </ItemGroup>
  <ItemGroup>
    <ClInclude Include="hex.h">
      <Filter>src</Filter>
    </ClInclude>
    <ClInclude Include="iso10126padding.h">
      <Filter>src</Filter>
    </ClInclude>
    <ClInclude Include="pkcs5padding.h">
      <Filter>src</Filter>
    </ClInclude>
    <ClInclude Include="pkcs7padding.h">
      <Filter>src</Filter>
    </ClInclude>
    <ClInclude Include="nopadding.h">
      <Filter>src</Filter>
    </ClInclude>
    <ClInclude Include="padding.h">
      <Filter>src</Filter>
    </ClInclude>
    <ClInclude Include="oaepping.h">
      <Filter>src</Filter>
    </ClInclude>
    <ClInclude Include="zeropadding.h">
      <Filter>src</Filter>
    </ClInclude>
    <ClInclude Include="base64.h">
      <Filter>src</Filter>
    </ClInclude>
    <ClInclude Include="hash.h">
      <Filter>src</Filter>
    </ClInclude>
    <ClInclude Include="hmac.h">
      <Filter>src</Filter>
    </ClInclude>
    <ClInclude Include="aes.h">
      <Filter>src</Filter>
    </ClInclude>
  </ItemGroup>
</Project>