<?xml version="1.0" encoding="utf-8"?>
<Project ToolsVersion="4.0" xmlns="http://schemas.microsoft.com/developer/msbuild/2003">
  <ItemGroup>
    <Filter Include="src">
      <UniqueIdentifier>{81df32ce-ac5e-49b8-95ea-9f65a7956097}</UniqueIdentifier>
    </Filter>
    <Filter Include="src\padding">
      <UniqueIdentifier>{04a6228b-694c-4994-b5f5-5c8076a45831}</UniqueIdentifier>
    </Filter>
    <Filter Include="src\mac">
      <UniqueIdentifier>{77de4a6b-5d4d-4e15-9a79-9415a06d41a0}</UniqueIdentifier>
    </Filter>
    <Filter Include="src\digest">
      <UniqueIdentifier>{4e783095-0d2d-4622-bd7e-f1de1c8fbda8}</UniqueIdentifier>
    </Filter>
    <Filter Include="src\encoding">
      <UniqueIdentifier>{fe12e92b-ea1c-488c-a5b7-845d26748fb6}</UniqueIdentifier>
    </Filter>
  </ItemGroup>
  <ItemGroup>
    <ClCompile Include="aes.cpp">
      <Filter>src</Filter>
    </ClCompile>
    <ClCompile Include="des.cpp">
      <Filter>src</Filter>
    </ClCompile>
    <ClCompile Include="rc4.cpp">
      <Filter>src</Filter>
    </ClCompile>
    <ClCompile Include="blowfish.cpp">
      <Filter>src</Filter>
    </ClCompile>
    <ClCompile Include="rsa.cpp">
      <Filter>src</Filter>
    </ClCompile>
    <ClCompile Include="zeropadding.cpp">
      <Filter>src\padding</Filter>
    </ClCompile>
    <ClCompile Include="pkcs5padding.cpp">
      <Filter>src\padding</Filter>
    </ClCompile>
    <ClCompile Include="oaepping.cpp">
      <Filter>src\padding</Filter>
    </ClCompile>
    <ClCompile Include="nopadding.cpp">
      <Filter>src\padding</Filter>
    </ClCompile>
    <ClCompile Include="iso10126padding.cpp">
      <Filter>src\padding</Filter>
    </ClCompile>
    <ClCompile Include="base64.cpp">
      <Filter>src\encoding</Filter>
    </ClCompile>
    <ClCompile Include="hex.cpp">
      <Filter>src\encoding</Filter>
    </ClCompile>
    <ClCompile Include="hash.cpp">
      <Filter>src\digest</Filter>
    </ClCompile>
    <ClCompile Include="hmac.cpp">
      <Filter>src\mac</Filter>
    </ClCompile>
    <ClCompile Include="pkcs1padding.cpp">
      <Filter>src\padding</Filter>
    </ClCompile>
    <ClCompile Include="pbkdf2.cpp">
      <Filter>src\mac</Filter>
    </ClCompile>
    <ClCompile Include="x932padding.cpp">
      <Filter>src\padding</Filter>
    </ClCompile>
    <ClCompile Include="pch.cpp" />
  </ItemGroup>
  <ItemGroup>
    <ClInclude Include="aes.h">
      <Filter>src</Filter>
    </ClInclude>
    <ClInclude Include="des.h">
      <Filter>src</Filter>
    </ClInclude>
    <ClInclude Include="rc4.h">
      <Filter>src</Filter>
    </ClInclude>
    <ClInclude Include="blowfish.h">
      <Filter>src</Filter>
    </ClInclude>
    <ClInclude Include="type.h">
      <Filter>src</Filter>
    </ClInclude>
    <ClInclude Include="rsa.h">
      <Filter>src</Filter>
    </ClInclude>
    <ClInclude Include="zeropadding.h">
      <Filter>src\padding</Filter>
    </ClInclude>
    <ClInclude Include="pkcs7padding.h">
      <Filter>src\padding</Filter>
    </ClInclude>
    <ClInclude Include="pkcs5padding.h">
      <Filter>src\padding</Filter>
    </ClInclude>
    <ClInclude Include="oaepping.h">
      <Filter>src\padding</Filter>
    </ClInclude>
    <ClInclude Include="nopadding.h">
      <Filter>src\padding</Filter>
    </ClInclude>
    <ClInclude Include="iso10126padding.h">
      <Filter>src\padding</Filter>
    </ClInclude>
    <ClInclude Include="base64.h">
      <Filter>src\encoding</Filter>
    </ClInclude>
    <ClInclude Include="hex.h">
      <Filter>src\encoding</Filter>
    </ClInclude>
    <ClInclude Include="hash.h">
      <Filter>src\digest</Filter>
    </ClInclude>
    <ClInclude Include="hmac.h">
      <Filter>src\mac</Filter>
    </ClInclude>
    <ClInclude Include="pkcs1padding.h">
      <Filter>src\padding</Filter>
    </ClInclude>
    <ClInclude Include="pbkdf2.h">
      <Filter>src\mac</Filter>
    </ClInclude>
    <ClInclude Include="x932padding.h">
      <Filter>src\padding</Filter>
    </ClInclude>
    <ClInclude Include="pch.h" />
    <ClInclude Include="padding.h">
      <Filter>src\padding</Filter>
    </ClInclude>
  </ItemGroup>
</Project>